
Microsoft Visual Studio Solution File, Format Version 12.00
# Visual Studio Version 17
VisualStudioVersion = 17.5.33502.453
MinimumVisualStudioVersion = 10.0.40219.1
Project("{9A19103F-16F7-4668-BE54-9A1E7A4F7556}") = "Model.UnitTest", "Model.UnitTest\Model.UnitTest.csproj", "{C40E8AA7-042C-4A7A-81BF-967A10ECB68E}"
	ProjectSection(ProjectDependencies) = postProject
		{226E7A9C-A34E-4986-A45A-4C907461D014} = {226E7A9C-A34E-4986-A45A-4C907461D014}
		{6C148642-3F5C-410B-8309-06CAB917AA65} = {6C148642-3F5C-410B-8309-06CAB917AA65}
	EndProjectSection
EndProject
Project("{9A19103F-16F7-4668-BE54-9A1E7A4F7556}") = "Controller", "Controller\Controller.csproj", "{226E7A9C-A34E-4986-A45A-4C907461D014}"
	ProjectSection(ProjectDependencies) = postProject
		{6C148642-3F5C-410B-8309-06CAB917AA65} = {6C148642-3F5C-410B-8309-06CAB917AA65}
	EndProjectSection
EndProject
Project("{9A19103F-16F7-4668-BE54-9A1E7A4F7556}") = "Model", "Model\Model.csproj", "{6C148642-3F5C-410B-8309-06CAB917AA65}"
EndProject
Global
	GlobalSection(SolutionConfigurationPlatforms) = preSolution
		Debug|Any CPU = Debug|Any CPU
		Release|Any CPU = Release|Any CPU
	EndGlobalSection
	GlobalSection(ProjectConfigurationPlatforms) = postSolution
		{C40E8AA7-042C-4A7A-81BF-967A10ECB68E}.Debug|Any CPU.ActiveCfg = Debug|Any CPU
		{C40E8AA7-042C-4A7A-81BF-967A10ECB68E}.Debug|Any CPU.Build.0 = Debug|Any CPU
		{C40E8AA7-042C-4A7A-81BF-967A10ECB68E}.Release|Any CPU.ActiveCfg = Release|Any CPU
		{C40E8AA7-042C-4A7A-81BF-967A10ECB68E}.Release|Any CPU.Build.0 = Release|Any CPU
		{226E7A9C-A34E-4986-A45A-4C907461D014}.Debug|Any CPU.ActiveCfg = Debug|Any CPU
		{226E7A9C-A34E-4986-A45A-4C907461D014}.Debug|Any CPU.Build.0 = Debug|Any CPU
		{226E7A9C-A34E-4986-A45A-4C907461D014}.Release|Any CPU.ActiveCfg = Release|Any CPU
		{226E7A9C-A34E-4986-A45A-4C907461D014}.Release|Any CPU.Build.0 = Release|Any CPU
		{6C148642-3F5C-410B-8309-06CAB917AA65}.Debug|Any CPU.ActiveCfg = Debug|Any CPU
		{6C148642-3F5C-410B-8309-06CAB917AA65}.Debug|Any CPU.Build.0 = Debug|Any CPU
		{6C148642-3F5C-410B-8309-06CAB917AA65}.Release|Any CPU.ActiveCfg = Release|Any CPU
		{6C148642-3F5C-410B-8309-06CAB917AA65}.Release|Any CPU.Build.0 = Release|Any CPU
	EndGlobalSection
	GlobalSection(SolutionProperties) = preSolution
		HideSolutionNode = FALSE
	EndGlobalSection
	GlobalSection(ExtensibilityGlobals) = postSolution
		SolutionGuid = {2C31F8C1-D107-4B73-99D6-31028086DDB5}
	EndGlobalSection
EndGlobal
