
Microsoft Visual Studio Solution File, Format Version 12.00
# Visual Studio Version 17
VisualStudioVersion = 17.5.33502.453
MinimumVisualStudioVersion = 10.0.40219.1
Project("{9A19103F-16F7-4668-BE54-9A1E7A4F7556}") = "Model", "core\Model.csproj", "{1F1FEC1E-C39D-4E93-88B2-C79AC5CF32BC}"
EndProject
Project("{9A19103F-16F7-4668-BE54-9A1E7A4F7556}") = "Controller", "GroupMeBot\Controller.csproj", "{855DAA97-CEEE-4755-8C4F-CA1B3E4C2154}"
EndProject
Project("{9A19103F-16F7-4668-BE54-9A1E7A4F7556}") = "Model.UnitTest", "Model.UnitTest\Model.UnitTest.csproj", "{C40E8AA7-042C-4A7A-81BF-967A10ECB68E}"
EndProject
Global
	GlobalSection(SolutionConfigurationPlatforms) = preSolution
		Debug|Any CPU = Debug|Any CPU
		Release|Any CPU = Release|Any CPU
	EndGlobalSection
	GlobalSection(ProjectConfigurationPlatforms) = postSolution
		{1F1FEC1E-C39D-4E93-88B2-C79AC5CF32BC}.Debug|Any CPU.ActiveCfg = Debug|Any CPU
		{1F1FEC1E-C39D-4E93-88B2-C79AC5CF32BC}.Debug|Any CPU.Build.0 = Debug|Any CPU
		{1F1FEC1E-C39D-4E93-88B2-C79AC5CF32BC}.Release|Any CPU.ActiveCfg = Release|Any CPU
		{1F1FEC1E-C39D-4E93-88B2-C79AC5CF32BC}.Release|Any CPU.Build.0 = Release|Any CPU
		{855DAA97-CEEE-4755-8C4F-CA1B3E4C2154}.Debug|Any CPU.ActiveCfg = Debug|Any CPU
		{855DAA97-CEEE-4755-8C4F-CA1B3E4C2154}.Debug|Any CPU.Build.0 = Debug|Any CPU
		{855DAA97-CEEE-4755-8C4F-CA1B3E4C2154}.Release|Any CPU.ActiveCfg = Release|Any CPU
		{855DAA97-CEEE-4755-8C4F-CA1B3E4C2154}.Release|Any CPU.Build.0 = Release|Any CPU
		{C40E8AA7-042C-4A7A-81BF-967A10ECB68E}.Debug|Any CPU.ActiveCfg = Debug|Any CPU
		{C40E8AA7-042C-4A7A-81BF-967A10ECB68E}.Debug|Any CPU.Build.0 = Debug|Any CPU
		{C40E8AA7-042C-4A7A-81BF-967A10ECB68E}.Release|Any CPU.ActiveCfg = Release|Any CPU
		{C40E8AA7-042C-4A7A-81BF-967A10ECB68E}.Release|Any CPU.Build.0 = Release|Any CPU
	EndGlobalSection
	GlobalSection(SolutionProperties) = preSolution
		HideSolutionNode = FALSE
	EndGlobalSection
	GlobalSection(ExtensibilityGlobals) = postSolution
		SolutionGuid = {2C31F8C1-D107-4B73-99D6-31028086DDB5}
	EndGlobalSection
EndGlobal
